
Microsoft Visual Studio Solution File, Format Version 12.00
# Visual Studio 2013
VisualStudioVersion = 12.0.21005.1
MinimumVisualStudioVersion = 10.0.40219.1
Project("{FAE04EC0-301F-11D3-BF4B-00C04F79EFBC}") = "LinqCDProducer", "LinqCDProducer\LinqCDProducer.csproj", "{B2F1AB53-D62A-4E74-85E1-B46DA443C435}"
EndProject
Global
	GlobalSection(SolutionConfigurationPlatforms) = preSolution
		Debug|Any CPU = Debug|Any CPU
		Release|Any CPU = Release|Any CPU
	EndGlobalSection
	GlobalSection(ProjectConfigurationPlatforms) = postSolution
		{B2F1AB53-D62A-4E74-85E1-B46DA443C435}.Debug|Any CPU.ActiveCfg = Debug|Any CPU
		{B2F1AB53-D62A-4E74-85E1-B46DA443C435}.Debug|Any CPU.Build.0 = Debug|Any CPU
		{B2F1AB53-D62A-4E74-85E1-B46DA443C435}.Release|Any CPU.ActiveCfg = Release|Any CPU
		{B2F1AB53-D62A-4E74-85E1-B46DA443C435}.Release|Any CPU.Build.0 = Release|Any CPU
	EndGlobalSection
	GlobalSection(SolutionProperties) = preSolution
		HideSolutionNode = FALSE
	EndGlobalSection
EndGlobal
