
Microsoft Visual Studio Solution File, Format Version 12.00
# Visual Studio 2013
VisualStudioVersion = 12.0.21005.1
MinimumVisualStudioVersion = 10.0.40219.1
Project("{FAE04EC0-301F-11D3-BF4B-00C04F79EFBC}") = "BanksSearchApp", "BanksSearchApp\BanksSearchApp.csproj", "{C3766BA2-DC1B-4A7A-9257-786CDA703B25}"
EndProject
Project("{FAE04EC0-301F-11D3-BF4B-00C04F79EFBC}") = "Logic", "Logic\Logic.csproj", "{C9AFEC08-B463-4424-8DC5-173A2E99380E}"
EndProject
Global
	GlobalSection(SolutionConfigurationPlatforms) = preSolution
		Debug|Any CPU = Debug|Any CPU
		Release|Any CPU = Release|Any CPU
	EndGlobalSection
	GlobalSection(ProjectConfigurationPlatforms) = postSolution
		{C3766BA2-DC1B-4A7A-9257-786CDA703B25}.Debug|Any CPU.ActiveCfg = Debug|Any CPU
		{C3766BA2-DC1B-4A7A-9257-786CDA703B25}.Debug|Any CPU.Build.0 = Debug|Any CPU
		{C3766BA2-DC1B-4A7A-9257-786CDA703B25}.Release|Any CPU.ActiveCfg = Release|Any CPU
		{C3766BA2-DC1B-4A7A-9257-786CDA703B25}.Release|Any CPU.Build.0 = Release|Any CPU
		{C9AFEC08-B463-4424-8DC5-173A2E99380E}.Debug|Any CPU.ActiveCfg = Debug|Any CPU
		{C9AFEC08-B463-4424-8DC5-173A2E99380E}.Debug|Any CPU.Build.0 = Debug|Any CPU
		{C9AFEC08-B463-4424-8DC5-173A2E99380E}.Release|Any CPU.ActiveCfg = Release|Any CPU
		{C9AFEC08-B463-4424-8DC5-173A2E99380E}.Release|Any CPU.Build.0 = Release|Any CPU
	EndGlobalSection
	GlobalSection(SolutionProperties) = preSolution
		HideSolutionNode = FALSE
	EndGlobalSection
EndGlobal
